
Microsoft Visual Studio Solution File, Format Version 12.00
# Visual Studio Version 16
VisualStudioVersion = 16.0.30114.105
MinimumVisualStudioVersion = 10.0.40219.1
Project("{FAE04EC0-301F-11D3-BF4B-00C04F79EFBC}") = "dol-sdk", "dol-sdk\dol-sdk.csproj", "{6DAD6745-BAA6-4003-9E2E-55B31746FC3A}"
EndProject
Project("{FAE04EC0-301F-11D3-BF4B-00C04F79EFBC}") = "dol-sdk-test", "dol-sdk-test\dol-sdk-test.csproj", "{567CE048-A44E-4598-80B7-0765D1A5DAEB}"
EndProject
Project("{FAE04EC0-301F-11D3-BF4B-00C04F79EFBC}") = "DolBlazor", "DolBlazor\DolBlazor.csproj", "{4B2DF9AC-D3B3-4686-AB19-36AEC5A995AB}"
EndProject
Project("{FAE04EC0-301F-11D3-BF4B-00C04F79EFBC}") = "DolBlazorTest", "DolBlazorTest\DolBlazorTest.csproj", "{900549EA-EE7E-4EFA-A0F8-AB0BDBE3C3D5}"
EndProject
Global
	GlobalSection(SolutionConfigurationPlatforms) = preSolution
		Debug|Any CPU = Debug|Any CPU
		Debug|x64 = Debug|x64
		Debug|x86 = Debug|x86
		Release|Any CPU = Release|Any CPU
		Release|x64 = Release|x64
		Release|x86 = Release|x86
	EndGlobalSection
	GlobalSection(SolutionProperties) = preSolution
		HideSolutionNode = FALSE
	EndGlobalSection
	GlobalSection(ProjectConfigurationPlatforms) = postSolution
		{6DAD6745-BAA6-4003-9E2E-55B31746FC3A}.Debug|Any CPU.ActiveCfg = Debug|Any CPU
		{6DAD6745-BAA6-4003-9E2E-55B31746FC3A}.Debug|Any CPU.Build.0 = Debug|Any CPU
		{6DAD6745-BAA6-4003-9E2E-55B31746FC3A}.Debug|x64.ActiveCfg = Debug|Any CPU
		{6DAD6745-BAA6-4003-9E2E-55B31746FC3A}.Debug|x64.Build.0 = Debug|Any CPU
		{6DAD6745-BAA6-4003-9E2E-55B31746FC3A}.Debug|x86.ActiveCfg = Debug|Any CPU
		{6DAD6745-BAA6-4003-9E2E-55B31746FC3A}.Debug|x86.Build.0 = Debug|Any CPU
		{6DAD6745-BAA6-4003-9E2E-55B31746FC3A}.Release|Any CPU.ActiveCfg = Release|Any CPU
		{6DAD6745-BAA6-4003-9E2E-55B31746FC3A}.Release|Any CPU.Build.0 = Release|Any CPU
		{6DAD6745-BAA6-4003-9E2E-55B31746FC3A}.Release|x64.ActiveCfg = Release|Any CPU
		{6DAD6745-BAA6-4003-9E2E-55B31746FC3A}.Release|x64.Build.0 = Release|Any CPU
		{6DAD6745-BAA6-4003-9E2E-55B31746FC3A}.Release|x86.ActiveCfg = Release|Any CPU
		{6DAD6745-BAA6-4003-9E2E-55B31746FC3A}.Release|x86.Build.0 = Release|Any CPU
		{567CE048-A44E-4598-80B7-0765D1A5DAEB}.Debug|Any CPU.ActiveCfg = Debug|Any CPU
		{567CE048-A44E-4598-80B7-0765D1A5DAEB}.Debug|Any CPU.Build.0 = Debug|Any CPU
		{567CE048-A44E-4598-80B7-0765D1A5DAEB}.Debug|x64.ActiveCfg = Debug|Any CPU
		{567CE048-A44E-4598-80B7-0765D1A5DAEB}.Debug|x64.Build.0 = Debug|Any CPU
		{567CE048-A44E-4598-80B7-0765D1A5DAEB}.Debug|x86.ActiveCfg = Debug|Any CPU
		{567CE048-A44E-4598-80B7-0765D1A5DAEB}.Debug|x86.Build.0 = Debug|Any CPU
		{567CE048-A44E-4598-80B7-0765D1A5DAEB}.Release|Any CPU.ActiveCfg = Release|Any CPU
		{567CE048-A44E-4598-80B7-0765D1A5DAEB}.Release|Any CPU.Build.0 = Release|Any CPU
		{567CE048-A44E-4598-80B7-0765D1A5DAEB}.Release|x64.ActiveCfg = Release|Any CPU
		{567CE048-A44E-4598-80B7-0765D1A5DAEB}.Release|x64.Build.0 = Release|Any CPU
		{567CE048-A44E-4598-80B7-0765D1A5DAEB}.Release|x86.ActiveCfg = Release|Any CPU
		{567CE048-A44E-4598-80B7-0765D1A5DAEB}.Release|x86.Build.0 = Release|Any CPU
		{4B2DF9AC-D3B3-4686-AB19-36AEC5A995AB}.Debug|Any CPU.ActiveCfg = Debug|Any CPU
		{4B2DF9AC-D3B3-4686-AB19-36AEC5A995AB}.Debug|Any CPU.Build.0 = Debug|Any CPU
		{4B2DF9AC-D3B3-4686-AB19-36AEC5A995AB}.Debug|x64.ActiveCfg = Debug|Any CPU
		{4B2DF9AC-D3B3-4686-AB19-36AEC5A995AB}.Debug|x64.Build.0 = Debug|Any CPU
		{4B2DF9AC-D3B3-4686-AB19-36AEC5A995AB}.Debug|x86.ActiveCfg = Debug|Any CPU
		{4B2DF9AC-D3B3-4686-AB19-36AEC5A995AB}.Debug|x86.Build.0 = Debug|Any CPU
		{4B2DF9AC-D3B3-4686-AB19-36AEC5A995AB}.Release|Any CPU.ActiveCfg = Release|Any CPU
		{4B2DF9AC-D3B3-4686-AB19-36AEC5A995AB}.Release|Any CPU.Build.0 = Release|Any CPU
		{4B2DF9AC-D3B3-4686-AB19-36AEC5A995AB}.Release|x64.ActiveCfg = Release|Any CPU
		{4B2DF9AC-D3B3-4686-AB19-36AEC5A995AB}.Release|x64.Build.0 = Release|Any CPU
		{4B2DF9AC-D3B3-4686-AB19-36AEC5A995AB}.Release|x86.ActiveCfg = Release|Any CPU
		{4B2DF9AC-D3B3-4686-AB19-36AEC5A995AB}.Release|x86.Build.0 = Release|Any CPU
		{900549EA-EE7E-4EFA-A0F8-AB0BDBE3C3D5}.Debug|Any CPU.ActiveCfg = Debug|Any CPU
		{900549EA-EE7E-4EFA-A0F8-AB0BDBE3C3D5}.Debug|Any CPU.Build.0 = Debug|Any CPU
		{900549EA-EE7E-4EFA-A0F8-AB0BDBE3C3D5}.Debug|x64.ActiveCfg = Debug|Any CPU
		{900549EA-EE7E-4EFA-A0F8-AB0BDBE3C3D5}.Debug|x64.Build.0 = Debug|Any CPU
		{900549EA-EE7E-4EFA-A0F8-AB0BDBE3C3D5}.Debug|x86.ActiveCfg = Debug|Any CPU
		{900549EA-EE7E-4EFA-A0F8-AB0BDBE3C3D5}.Debug|x86.Build.0 = Debug|Any CPU
		{900549EA-EE7E-4EFA-A0F8-AB0BDBE3C3D5}.Release|Any CPU.ActiveCfg = Release|Any CPU
		{900549EA-EE7E-4EFA-A0F8-AB0BDBE3C3D5}.Release|Any CPU.Build.0 = Release|Any CPU
		{900549EA-EE7E-4EFA-A0F8-AB0BDBE3C3D5}.Release|x64.ActiveCfg = Release|Any CPU
		{900549EA-EE7E-4EFA-A0F8-AB0BDBE3C3D5}.Release|x64.Build.0 = Release|Any CPU
		{900549EA-EE7E-4EFA-A0F8-AB0BDBE3C3D5}.Release|x86.ActiveCfg = Release|Any CPU
		{900549EA-EE7E-4EFA-A0F8-AB0BDBE3C3D5}.Release|x86.Build.0 = Release|Any CPU
	EndGlobalSection
EndGlobal
